// !$*UTF8*$!
{
	archiveVersion = 1;
	classes = {
	};
	objectVersion = 55;
	objects = {

/* Begin PBXBuildFile section */
		6842BAD429F86CEB00A0185A /* TabBarController.swift in Sources */ = {isa = PBXBuildFile; fileRef = 6842BAD329F86CEB00A0185A /* TabBarController.swift */; };
		684FCE0229B6529100A3BBA8 /* UIColor+Extentions.swift in Sources */ = {isa = PBXBuildFile; fileRef = 684FCE0129B6529100A3BBA8 /* UIColor+Extentions.swift */; };
		6850143729B1025D00520517 /* ProfileViewController.swift in Sources */ = {isa = PBXBuildFile; fileRef = 6850143629B1025D00520517 /* ProfileViewController.swift */; };
		685D6BBB29D3755F00D373B3 /* OAuthTokenResponseBody.swift in Sources */ = {isa = PBXBuildFile; fileRef = 685D6BBA29D3755F00D373B3 /* OAuthTokenResponseBody.swift */; };
		685D6BBE29D3774E00D373B3 /* OAuth2Service.swift in Sources */ = {isa = PBXBuildFile; fileRef = 685D6BBD29D3774E00D373B3 /* OAuth2Service.swift */; };
		685D6BC029D37EA100D373B3 /* OAuth2TokenStorage.swift in Sources */ = {isa = PBXBuildFile; fileRef = 685D6BBF29D37EA100D373B3 /* OAuth2TokenStorage.swift */; };
		685D6BC229D397B700D373B3 /* URLSession+Extention.swift in Sources */ = {isa = PBXBuildFile; fileRef = 685D6BC129D397B700D373B3 /* URLSession+Extention.swift */; };
		685D6BC529D4417000D373B3 /* SplashViewController.swift in Sources */ = {isa = PBXBuildFile; fileRef = 685D6BC429D4417000D373B3 /* SplashViewController.swift */; };
		685D6BC729D44F4F00D373B3 /* URLRequest+Extention.swift in Sources */ = {isa = PBXBuildFile; fileRef = 685D6BC629D44F4E00D373B3 /* URLRequest+Extention.swift */; };
		689F44C629E861DB00196597 /* SwiftKeychainWrapper in Frameworks */ = {isa = PBXBuildFile; productRef = 689F44C529E861DB00196597 /* SwiftKeychainWrapper */; };
		68A4C28B29DDF3CB00F669A2 /* ProgressHUD in Frameworks */ = {isa = PBXBuildFile; productRef = 68A4C28A29DDF3CB00F669A2 /* ProgressHUD */; };
		68B6C76729E311E1003A0B0A /* UIBlockingProgressHUD.swift in Sources */ = {isa = PBXBuildFile; fileRef = 68B6C76629E311E0003A0B0A /* UIBlockingProgressHUD.swift */; };
		68B6C76929E316F0003A0B0A /* ProfileService.swift in Sources */ = {isa = PBXBuildFile; fileRef = 68B6C76829E316F0003A0B0A /* ProfileService.swift */; };
		68B6C76B29E31791003A0B0A /* Profile.swift in Sources */ = {isa = PBXBuildFile; fileRef = 68B6C76A29E31791003A0B0A /* Profile.swift */; };
		68B6C76D29E31915003A0B0A /* ProfileResult.swift in Sources */ = {isa = PBXBuildFile; fileRef = 68B6C76C29E31915003A0B0A /* ProfileResult.swift */; };
		68B6C76F29E436A1003A0B0A /* NetworkClient.swift in Sources */ = {isa = PBXBuildFile; fileRef = 68B6C76E29E436A0003A0B0A /* NetworkClient.swift */; };
		68B6C77129E486F1003A0B0A /* ProfileImageService.swift in Sources */ = {isa = PBXBuildFile; fileRef = 68B6C77029E486F1003A0B0A /* ProfileImageService.swift */; };
		68B6C77329E48CA3003A0B0A /* ImageURL.swift in Sources */ = {isa = PBXBuildFile; fileRef = 68B6C77229E48CA3003A0B0A /* ImageURL.swift */; };
		68B9DB3C29F1D9630021043F /* AlertPresenter.swift in Sources */ = {isa = PBXBuildFile; fileRef = 68B9DB3B29F1D9630021043F /* AlertPresenter.swift */; };
		68B9DB3E29F1D9E60021043F /* IAlertPresenterDelegate.swift in Sources */ = {isa = PBXBuildFile; fileRef = 68B9DB3D29F1D9E60021043F /* IAlertPresenterDelegate.swift */; };
		68B9DB4029F1DAC60021043F /* IAlertPresenterProtocol.swift in Sources */ = {isa = PBXBuildFile; fileRef = 68B9DB3F29F1DAC60021043F /* IAlertPresenterProtocol.swift */; };
		68BCEDEF29A3CB3700AB0249 /* ImageListCell.swift in Sources */ = {isa = PBXBuildFile; fileRef = 68BCEDEE29A3CB3700AB0249 /* ImageListCell.swift */; };
		68C0F27E29E73AEE00DECC14 /* Kingfisher in Frameworks */ = {isa = PBXBuildFile; productRef = 68C0F27D29E73AEE00DECC14 /* Kingfisher */; };
		68C2AB7629B27B69003B6AFB /* SingleImageViewController.swift in Sources */ = {isa = PBXBuildFile; fileRef = 68C2AB7529B27B69003B6AFB /* SingleImageViewController.swift */; };
		68D6D6CB29C64BBD00F34706 /* Constants.swift in Sources */ = {isa = PBXBuildFile; fileRef = 68D6D6CA29C64BBD00F34706 /* Constants.swift */; };
		68D6D6CD29C884D000F34706 /* AuthViewController.swift in Sources */ = {isa = PBXBuildFile; fileRef = 68D6D6CC29C884D000F34706 /* AuthViewController.swift */; };
		68D6D6D029C8BB1700F34706 /* WebViewViewController.swift in Sources */ = {isa = PBXBuildFile; fileRef = 68D6D6CF29C8BB1600F34706 /* WebViewViewController.swift */; };
		68FBF764299FB10F0030A47C /* AppDelegate.swift in Sources */ = {isa = PBXBuildFile; fileRef = 68FBF763299FB10F0030A47C /* AppDelegate.swift */; };
		68FBF766299FB10F0030A47C /* SceneDelegate.swift in Sources */ = {isa = PBXBuildFile; fileRef = 68FBF765299FB10F0030A47C /* SceneDelegate.swift */; };
		68FBF768299FB10F0030A47C /* ImagesListViewController.swift in Sources */ = {isa = PBXBuildFile; fileRef = 68FBF767299FB10F0030A47C /* ImagesListViewController.swift */; };
		68FBF76B299FB10F0030A47C /* Main.storyboard in Resources */ = {isa = PBXBuildFile; fileRef = 68FBF769299FB10F0030A47C /* Main.storyboard */; };
		68FBF76D299FB1110030A47C /* Assets.xcassets in Resources */ = {isa = PBXBuildFile; fileRef = 68FBF76C299FB1110030A47C /* Assets.xcassets */; };
		68FBF770299FB1110030A47C /* LaunchScreen.storyboard in Resources */ = {isa = PBXBuildFile; fileRef = 68FBF76E299FB1110030A47C /* LaunchScreen.storyboard */; };
/* End PBXBuildFile section */

/* Begin PBXFileReference section */
		6842BAD329F86CEB00A0185A /* TabBarController.swift */ = {isa = PBXFileReference; lastKnownFileType = sourcecode.swift; path = TabBarController.swift; sourceTree = "<group>"; };
		684FCE0129B6529100A3BBA8 /* UIColor+Extentions.swift */ = {isa = PBXFileReference; lastKnownFileType = sourcecode.swift; path = "UIColor+Extentions.swift"; sourceTree = "<group>"; };
		6850143629B1025D00520517 /* ProfileViewController.swift */ = {isa = PBXFileReference; lastKnownFileType = sourcecode.swift; path = ProfileViewController.swift; sourceTree = "<group>"; };
		685D6BBA29D3755F00D373B3 /* OAuthTokenResponseBody.swift */ = {isa = PBXFileReference; lastKnownFileType = sourcecode.swift; path = OAuthTokenResponseBody.swift; sourceTree = "<group>"; };
		685D6BBD29D3774E00D373B3 /* OAuth2Service.swift */ = {isa = PBXFileReference; lastKnownFileType = sourcecode.swift; path = OAuth2Service.swift; sourceTree = "<group>"; };
		685D6BBF29D37EA100D373B3 /* OAuth2TokenStorage.swift */ = {isa = PBXFileReference; lastKnownFileType = sourcecode.swift; path = OAuth2TokenStorage.swift; sourceTree = "<group>"; };
		685D6BC129D397B700D373B3 /* URLSession+Extention.swift */ = {isa = PBXFileReference; lastKnownFileType = sourcecode.swift; path = "URLSession+Extention.swift"; sourceTree = "<group>"; };
		685D6BC429D4417000D373B3 /* SplashViewController.swift */ = {isa = PBXFileReference; lastKnownFileType = sourcecode.swift; path = SplashViewController.swift; sourceTree = "<group>"; };
		685D6BC629D44F4E00D373B3 /* URLRequest+Extention.swift */ = {isa = PBXFileReference; lastKnownFileType = sourcecode.swift; path = "URLRequest+Extention.swift"; sourceTree = "<group>"; };
		68B6C76629E311E0003A0B0A /* UIBlockingProgressHUD.swift */ = {isa = PBXFileReference; lastKnownFileType = sourcecode.swift; path = UIBlockingProgressHUD.swift; sourceTree = "<group>"; };
		68B6C76829E316F0003A0B0A /* ProfileService.swift */ = {isa = PBXFileReference; lastKnownFileType = sourcecode.swift; path = ProfileService.swift; sourceTree = "<group>"; };
		68B6C76A29E31791003A0B0A /* Profile.swift */ = {isa = PBXFileReference; lastKnownFileType = sourcecode.swift; path = Profile.swift; sourceTree = "<group>"; };
		68B6C76C29E31915003A0B0A /* ProfileResult.swift */ = {isa = PBXFileReference; lastKnownFileType = sourcecode.swift; path = ProfileResult.swift; sourceTree = "<group>"; };
		68B6C76E29E436A0003A0B0A /* NetworkClient.swift */ = {isa = PBXFileReference; lastKnownFileType = sourcecode.swift; path = NetworkClient.swift; sourceTree = "<group>"; };
		68B6C77029E486F1003A0B0A /* ProfileImageService.swift */ = {isa = PBXFileReference; lastKnownFileType = sourcecode.swift; path = ProfileImageService.swift; sourceTree = "<group>"; };
		68B6C77229E48CA3003A0B0A /* ImageURL.swift */ = {isa = PBXFileReference; lastKnownFileType = sourcecode.swift; path = ImageURL.swift; sourceTree = "<group>"; };
		68B9DB3B29F1D9630021043F /* AlertPresenter.swift */ = {isa = PBXFileReference; lastKnownFileType = sourcecode.swift; path = AlertPresenter.swift; sourceTree = "<group>"; };
		68B9DB3D29F1D9E60021043F /* IAlertPresenterDelegate.swift */ = {isa = PBXFileReference; lastKnownFileType = sourcecode.swift; path = IAlertPresenterDelegate.swift; sourceTree = "<group>"; };
		68B9DB3F29F1DAC60021043F /* IAlertPresenterProtocol.swift */ = {isa = PBXFileReference; lastKnownFileType = sourcecode.swift; path = IAlertPresenterProtocol.swift; sourceTree = "<group>"; };
		68BCEDEE29A3CB3700AB0249 /* ImageListCell.swift */ = {isa = PBXFileReference; lastKnownFileType = sourcecode.swift; path = ImageListCell.swift; sourceTree = "<group>"; };
		68C2AB7529B27B69003B6AFB /* SingleImageViewController.swift */ = {isa = PBXFileReference; lastKnownFileType = sourcecode.swift; path = SingleImageViewController.swift; sourceTree = "<group>"; };
		68D6D6CA29C64BBD00F34706 /* Constants.swift */ = {isa = PBXFileReference; lastKnownFileType = sourcecode.swift; path = Constants.swift; sourceTree = "<group>"; };
		68D6D6CC29C884D000F34706 /* AuthViewController.swift */ = {isa = PBXFileReference; lastKnownFileType = sourcecode.swift; path = AuthViewController.swift; sourceTree = "<group>"; };
		68D6D6CF29C8BB1600F34706 /* WebViewViewController.swift */ = {isa = PBXFileReference; lastKnownFileType = sourcecode.swift; path = WebViewViewController.swift; sourceTree = "<group>"; };
		68FBF760299FB10F0030A47C /* ImageFeed.app */ = {isa = PBXFileReference; explicitFileType = wrapper.application; includeInIndex = 0; path = ImageFeed.app; sourceTree = BUILT_PRODUCTS_DIR; };
		68FBF763299FB10F0030A47C /* AppDelegate.swift */ = {isa = PBXFileReference; lastKnownFileType = sourcecode.swift; path = AppDelegate.swift; sourceTree = "<group>"; };
		68FBF765299FB10F0030A47C /* SceneDelegate.swift */ = {isa = PBXFileReference; lastKnownFileType = sourcecode.swift; path = SceneDelegate.swift; sourceTree = "<group>"; };
		68FBF767299FB10F0030A47C /* ImagesListViewController.swift */ = {isa = PBXFileReference; lastKnownFileType = sourcecode.swift; path = ImagesListViewController.swift; sourceTree = "<group>"; };
		68FBF76A299FB10F0030A47C /* Base */ = {isa = PBXFileReference; lastKnownFileType = file.storyboard; name = Base; path = Base.lproj/Main.storyboard; sourceTree = "<group>"; };
		68FBF76C299FB1110030A47C /* Assets.xcassets */ = {isa = PBXFileReference; lastKnownFileType = folder.assetcatalog; path = Assets.xcassets; sourceTree = "<group>"; };
		68FBF76F299FB1110030A47C /* Base */ = {isa = PBXFileReference; lastKnownFileType = file.storyboard; name = Base; path = Base.lproj/LaunchScreen.storyboard; sourceTree = "<group>"; };
		68FBF771299FB1110030A47C /* Info.plist */ = {isa = PBXFileReference; lastKnownFileType = text.plist.xml; path = Info.plist; sourceTree = "<group>"; };
/* End PBXFileReference section */

/* Begin PBXFrameworksBuildPhase section */
		68FBF75D299FB10E0030A47C /* Frameworks */ = {
			isa = PBXFrameworksBuildPhase;
			buildActionMask = 2147483647;
			files = (
				68C0F27E29E73AEE00DECC14 /* Kingfisher in Frameworks */,
				68A4C28B29DDF3CB00F669A2 /* ProgressHUD in Frameworks */,
				689F44C629E861DB00196597 /* SwiftKeychainWrapper in Frameworks */,
			);
			runOnlyForDeploymentPostprocessing = 0;
		};
/* End PBXFrameworksBuildPhase section */

/* Begin PBXGroup section */
		684FCE0029B6526000A3BBA8 /* Helpers */ = {
			isa = PBXGroup;
			children = (
				684FCE0129B6529100A3BBA8 /* UIColor+Extentions.swift */,
				685D6BC129D397B700D373B3 /* URLSession+Extention.swift */,
				685D6BC629D44F4E00D373B3 /* URLRequest+Extention.swift */,
				68B6C76629E311E0003A0B0A /* UIBlockingProgressHUD.swift */,
			);
			path = Helpers;
			sourceTree = "<group>";
		};
		685D6BB629D3742F00D373B3 /* Models */ = {
			isa = PBXGroup;
			children = (
				685D6BBA29D3755F00D373B3 /* OAuthTokenResponseBody.swift */,
				68D6D6CA29C64BBD00F34706 /* Constants.swift */,
				68B6C76C29E31915003A0B0A /* ProfileResult.swift */,
				68B6C76A29E31791003A0B0A /* Profile.swift */,
				68B6C77229E48CA3003A0B0A /* ImageURL.swift */,
			);
			path = Models;
			sourceTree = "<group>";
		};
		685D6BB729D3745F00D373B3 /* App */ = {
			isa = PBXGroup;
			children = (
				68FBF771299FB1110030A47C /* Info.plist */,
				68FBF763299FB10F0030A47C /* AppDelegate.swift */,
				68FBF765299FB10F0030A47C /* SceneDelegate.swift */,
			);
			path = App;
			sourceTree = "<group>";
		};
		685D6BB829D374C100D373B3 /* Storyboards */ = {
			isa = PBXGroup;
			children = (
				68FBF769299FB10F0030A47C /* Main.storyboard */,
				68FBF76E299FB1110030A47C /* LaunchScreen.storyboard */,
			);
			path = Storyboards;
			sourceTree = "<group>";
		};
		685D6BB929D3750800D373B3 /* Resources */ = {
			isa = PBXGroup;
			children = (
				68FBF76C299FB1110030A47C /* Assets.xcassets */,
			);
			path = Resources;
			sourceTree = "<group>";
		};
		685D6BBC29D3772600D373B3 /* Services */ = {
			isa = PBXGroup;
			children = (
				685D6BBD29D3774E00D373B3 /* OAuth2Service.swift */,
				685D6BBF29D37EA100D373B3 /* OAuth2TokenStorage.swift */,
				68B6C76829E316F0003A0B0A /* ProfileService.swift */,
				68B6C76E29E436A0003A0B0A /* NetworkClient.swift */,
				68B6C77029E486F1003A0B0A /* ProfileImageService.swift */,
			);
			path = Services;
			sourceTree = "<group>";
		};
		685D6BC329D4412E00D373B3 /* SplashViewController */ = {
			isa = PBXGroup;
			children = (
				6842BAD329F86CEB00A0185A /* TabBarController.swift */,
				685D6BC429D4417000D373B3 /* SplashViewController.swift */,
			);
			path = SplashViewController;
			sourceTree = "<group>";
		};
		68B9DB3A29F1D90D0021043F /* Alerts */ = {
			isa = PBXGroup;
			children = (
				68B9DB3B29F1D9630021043F /* AlertPresenter.swift */,
				68B9DB3D29F1D9E60021043F /* IAlertPresenterDelegate.swift */,
				68B9DB3F29F1DAC60021043F /* IAlertPresenterProtocol.swift */,
			);
			path = Alerts;
			sourceTree = "<group>";
		};
		68BCEDF029A3CB7000AB0249 /* ImageList */ = {
			isa = PBXGroup;
			children = (
				68FBF767299FB10F0030A47C /* ImagesListViewController.swift */,
				68BCEDEE29A3CB3700AB0249 /* ImageListCell.swift */,
			);
			path = ImageList;
			sourceTree = "<group>";
		};
		68C2AB7729B27D9F003B6AFB /* Profile */ = {
			isa = PBXGroup;
			children = (
				6850143629B1025D00520517 /* ProfileViewController.swift */,
			);
			path = Profile;
			sourceTree = "<group>";
		};
		68C2AB7829B27DB8003B6AFB /* SingleImageView */ = {
			isa = PBXGroup;
			children = (
				68C2AB7529B27B69003B6AFB /* SingleImageViewController.swift */,
			);
			path = SingleImageView;
			sourceTree = "<group>";
		};
		68D6D6CE29C89D2F00F34706 /* Auth */ = {
			isa = PBXGroup;
			children = (
				68D6D6CC29C884D000F34706 /* AuthViewController.swift */,
				68D6D6CF29C8BB1600F34706 /* WebViewViewController.swift */,
			);
			path = Auth;
			sourceTree = "<group>";
		};
		68FBF757299FB10E0030A47C = {
			isa = PBXGroup;
			children = (
				68FBF762299FB10F0030A47C /* ImageFeed */,
				68FBF761299FB10F0030A47C /* Products */,
			);
			sourceTree = "<group>";
		};
		68FBF761299FB10F0030A47C /* Products */ = {
			isa = PBXGroup;
			children = (
				68FBF760299FB10F0030A47C /* ImageFeed.app */,
			);
			name = Products;
			sourceTree = "<group>";
		};
		68FBF762299FB10F0030A47C /* ImageFeed */ = {
			isa = PBXGroup;
			children = (
				68B9DB3A29F1D90D0021043F /* Alerts */,
				685D6BC329D4412E00D373B3 /* SplashViewController */,
				685D6BBC29D3772600D373B3 /* Services */,
				685D6BB629D3742F00D373B3 /* Models */,
				68C2AB7729B27D9F003B6AFB /* Profile */,
				68BCEDF029A3CB7000AB0249 /* ImageList */,
				68C2AB7829B27DB8003B6AFB /* SingleImageView */,
				684FCE0029B6526000A3BBA8 /* Helpers */,
				68D6D6CE29C89D2F00F34706 /* Auth */,
				685D6BB929D3750800D373B3 /* Resources */,
				685D6BB829D374C100D373B3 /* Storyboards */,
				685D6BB729D3745F00D373B3 /* App */,
			);
			path = ImageFeed;
			sourceTree = "<group>";
		};
/* End PBXGroup section */

/* Begin PBXNativeTarget section */
		68FBF75F299FB10E0030A47C /* ImageFeed */ = {
			isa = PBXNativeTarget;
			buildConfigurationList = 68FBF774299FB1110030A47C /* Build configuration list for PBXNativeTarget "ImageFeed" */;
			buildPhases = (
				68FBF75C299FB10E0030A47C /* Sources */,
				68FBF75D299FB10E0030A47C /* Frameworks */,
				68FBF75E299FB10E0030A47C /* Resources */,
			);
			buildRules = (
			);
			dependencies = (
			);
			name = ImageFeed;
			packageProductDependencies = (
				68A4C28A29DDF3CB00F669A2 /* ProgressHUD */,
				68C0F27D29E73AEE00DECC14 /* Kingfisher */,
				689F44C529E861DB00196597 /* SwiftKeychainWrapper */,
			);
			productName = ImageFeed;
			productReference = 68FBF760299FB10F0030A47C /* ImageFeed.app */;
			productType = "com.apple.product-type.application";
		};
/* End PBXNativeTarget section */

/* Begin PBXProject section */
		68FBF758299FB10E0030A47C /* Project object */ = {
			isa = PBXProject;
			attributes = {
				BuildIndependentTargetsInParallel = 1;
				LastSwiftUpdateCheck = 1320;
				LastUpgradeCheck = 1320;
				TargetAttributes = {
					68FBF75F299FB10E0030A47C = {
						CreatedOnToolsVersion = 13.2.1;
					};
				};
			};
			buildConfigurationList = 68FBF75B299FB10E0030A47C /* Build configuration list for PBXProject "ImageFeed" */;
			compatibilityVersion = "Xcode 13.0";
			developmentRegion = en;
			hasScannedForEncodings = 0;
			knownRegions = (
				en,
				Base,
			);
			mainGroup = 68FBF757299FB10E0030A47C;
			packageReferences = (
				68A4C28929DDF3CB00F669A2 /* XCRemoteSwiftPackageReference "ProgressHUD" */,
				68C0F27C29E73AEE00DECC14 /* XCRemoteSwiftPackageReference "Kingfisher" */,
				689F44C429E861DB00196597 /* XCRemoteSwiftPackageReference "SwiftKeychainWrapper" */,
			);
			productRefGroup = 68FBF761299FB10F0030A47C /* Products */;
			projectDirPath = "";
			projectRoot = "";
			targets = (
				68FBF75F299FB10E0030A47C /* ImageFeed */,
			);
		};
/* End PBXProject section */

/* Begin PBXResourcesBuildPhase section */
		68FBF75E299FB10E0030A47C /* Resources */ = {
			isa = PBXResourcesBuildPhase;
			buildActionMask = 2147483647;
			files = (
				68FBF770299FB1110030A47C /* LaunchScreen.storyboard in Resources */,
				68FBF76D299FB1110030A47C /* Assets.xcassets in Resources */,
				68FBF76B299FB10F0030A47C /* Main.storyboard in Resources */,
			);
			runOnlyForDeploymentPostprocessing = 0;
		};
/* End PBXResourcesBuildPhase section */

/* Begin PBXSourcesBuildPhase section */
		68FBF75C299FB10E0030A47C /* Sources */ = {
			isa = PBXSourcesBuildPhase;
			buildActionMask = 2147483647;
			files = (
				68FBF768299FB10F0030A47C /* ImagesListViewController.swift in Sources */,
				68BCEDEF29A3CB3700AB0249 /* ImageListCell.swift in Sources */,
				685D6BBE29D3774E00D373B3 /* OAuth2Service.swift in Sources */,
				6850143729B1025D00520517 /* ProfileViewController.swift in Sources */,
				6842BAD429F86CEB00A0185A /* TabBarController.swift in Sources */,
				68B9DB3E29F1D9E60021043F /* IAlertPresenterDelegate.swift in Sources */,
				68D6D6D029C8BB1700F34706 /* WebViewViewController.swift in Sources */,
				685D6BC229D397B700D373B3 /* URLSession+Extention.swift in Sources */,
				685D6BBB29D3755F00D373B3 /* OAuthTokenResponseBody.swift in Sources */,
				684FCE0229B6529100A3BBA8 /* UIColor+Extentions.swift in Sources */,
				68FBF764299FB10F0030A47C /* AppDelegate.swift in Sources */,
				685D6BC529D4417000D373B3 /* SplashViewController.swift in Sources */,
				685D6BC729D44F4F00D373B3 /* URLRequest+Extention.swift in Sources */,
				68B6C77129E486F1003A0B0A /* ProfileImageService.swift in Sources */,
				68B6C76F29E436A1003A0B0A /* NetworkClient.swift in Sources */,
				68B6C76929E316F0003A0B0A /* ProfileService.swift in Sources */,
				68C2AB7629B27B69003B6AFB /* SingleImageViewController.swift in Sources */,
				68FBF766299FB10F0030A47C /* SceneDelegate.swift in Sources */,
				68D6D6CD29C884D000F34706 /* AuthViewController.swift in Sources */,
				685D6BC029D37EA100D373B3 /* OAuth2TokenStorage.swift in Sources */,
				68B6C77329E48CA3003A0B0A /* ImageURL.swift in Sources */,
				68B6C76B29E31791003A0B0A /* Profile.swift in Sources */,
				68D6D6CB29C64BBD00F34706 /* Constants.swift in Sources */,
				68B6C76D29E31915003A0B0A /* ProfileResult.swift in Sources */,
				68B9DB4029F1DAC60021043F /* IAlertPresenterProtocol.swift in Sources */,
				68B6C76729E311E1003A0B0A /* UIBlockingProgressHUD.swift in Sources */,
				68B9DB3C29F1D9630021043F /* AlertPresenter.swift in Sources */,
			);
			runOnlyForDeploymentPostprocessing = 0;
		};
/* End PBXSourcesBuildPhase section */

/* Begin PBXVariantGroup section */
		68FBF769299FB10F0030A47C /* Main.storyboard */ = {
			isa = PBXVariantGroup;
			children = (
				68FBF76A299FB10F0030A47C /* Base */,
			);
			name = Main.storyboard;
			sourceTree = "<group>";
		};
		68FBF76E299FB1110030A47C /* LaunchScreen.storyboard */ = {
			isa = PBXVariantGroup;
			children = (
				68FBF76F299FB1110030A47C /* Base */,
			);
			name = LaunchScreen.storyboard;
			sourceTree = "<group>";
		};
/* End PBXVariantGroup section */

/* Begin XCBuildConfiguration section */
		68FBF772299FB1110030A47C /* Debug */ = {
			isa = XCBuildConfiguration;
			buildSettings = {
				ALWAYS_SEARCH_USER_PATHS = NO;
				CLANG_ANALYZER_NONNULL = YES;
				CLANG_ANALYZER_NUMBER_OBJECT_CONVERSION = YES_AGGRESSIVE;
				CLANG_CXX_LANGUAGE_STANDARD = "gnu++17";
				CLANG_CXX_LIBRARY = "libc++";
				CLANG_ENABLE_MODULES = YES;
				CLANG_ENABLE_OBJC_ARC = YES;
				CLANG_ENABLE_OBJC_WEAK = YES;
				CLANG_WARN_BLOCK_CAPTURE_AUTORELEASING = YES;
				CLANG_WARN_BOOL_CONVERSION = YES;
				CLANG_WARN_COMMA = YES;
				CLANG_WARN_CONSTANT_CONVERSION = YES;
				CLANG_WARN_DEPRECATED_OBJC_IMPLEMENTATIONS = YES;
				CLANG_WARN_DIRECT_OBJC_ISA_USAGE = YES_ERROR;
				CLANG_WARN_DOCUMENTATION_COMMENTS = YES;
				CLANG_WARN_EMPTY_BODY = YES;
				CLANG_WARN_ENUM_CONVERSION = YES;
				CLANG_WARN_INFINITE_RECURSION = YES;
				CLANG_WARN_INT_CONVERSION = YES;
				CLANG_WARN_NON_LITERAL_NULL_CONVERSION = YES;
				CLANG_WARN_OBJC_IMPLICIT_RETAIN_SELF = YES;
				CLANG_WARN_OBJC_LITERAL_CONVERSION = YES;
				CLANG_WARN_OBJC_ROOT_CLASS = YES_ERROR;
				CLANG_WARN_QUOTED_INCLUDE_IN_FRAMEWORK_HEADER = YES;
				CLANG_WARN_RANGE_LOOP_ANALYSIS = YES;
				CLANG_WARN_STRICT_PROTOTYPES = YES;
				CLANG_WARN_SUSPICIOUS_MOVE = YES;
				CLANG_WARN_UNGUARDED_AVAILABILITY = YES_AGGRESSIVE;
				CLANG_WARN_UNREACHABLE_CODE = YES;
				CLANG_WARN__DUPLICATE_METHOD_MATCH = YES;
				COPY_PHASE_STRIP = NO;
				DEBUG_INFORMATION_FORMAT = dwarf;
				ENABLE_STRICT_OBJC_MSGSEND = YES;
				ENABLE_TESTABILITY = YES;
				GCC_C_LANGUAGE_STANDARD = gnu11;
				GCC_DYNAMIC_NO_PIC = NO;
				GCC_NO_COMMON_BLOCKS = YES;
				GCC_OPTIMIZATION_LEVEL = 0;
				GCC_PREPROCESSOR_DEFINITIONS = (
					"DEBUG=1",
					"$(inherited)",
				);
				GCC_WARN_64_TO_32_BIT_CONVERSION = YES;
				GCC_WARN_ABOUT_RETURN_TYPE = YES_ERROR;
				GCC_WARN_UNDECLARED_SELECTOR = YES;
				GCC_WARN_UNINITIALIZED_AUTOS = YES_AGGRESSIVE;
				GCC_WARN_UNUSED_FUNCTION = YES;
				GCC_WARN_UNUSED_VARIABLE = YES;
				IPHONEOS_DEPLOYMENT_TARGET = 13.0;
				MTL_ENABLE_DEBUG_INFO = INCLUDE_SOURCE;
				MTL_FAST_MATH = YES;
				ONLY_ACTIVE_ARCH = YES;
				SDKROOT = iphoneos;
				SWIFT_ACTIVE_COMPILATION_CONDITIONS = DEBUG;
				SWIFT_OPTIMIZATION_LEVEL = "-Onone";
			};
			name = Debug;
		};
		68FBF773299FB1110030A47C /* Release */ = {
			isa = XCBuildConfiguration;
			buildSettings = {
				ALWAYS_SEARCH_USER_PATHS = NO;
				CLANG_ANALYZER_NONNULL = YES;
				CLANG_ANALYZER_NUMBER_OBJECT_CONVERSION = YES_AGGRESSIVE;
				CLANG_CXX_LANGUAGE_STANDARD = "gnu++17";
				CLANG_CXX_LIBRARY = "libc++";
				CLANG_ENABLE_MODULES = YES;
				CLANG_ENABLE_OBJC_ARC = YES;
				CLANG_ENABLE_OBJC_WEAK = YES;
				CLANG_WARN_BLOCK_CAPTURE_AUTORELEASING = YES;
				CLANG_WARN_BOOL_CONVERSION = YES;
				CLANG_WARN_COMMA = YES;
				CLANG_WARN_CONSTANT_CONVERSION = YES;
				CLANG_WARN_DEPRECATED_OBJC_IMPLEMENTATIONS = YES;
				CLANG_WARN_DIRECT_OBJC_ISA_USAGE = YES_ERROR;
				CLANG_WARN_DOCUMENTATION_COMMENTS = YES;
				CLANG_WARN_EMPTY_BODY = YES;
				CLANG_WARN_ENUM_CONVERSION = YES;
				CLANG_WARN_INFINITE_RECURSION = YES;
				CLANG_WARN_INT_CONVERSION = YES;
				CLANG_WARN_NON_LITERAL_NULL_CONVERSION = YES;
				CLANG_WARN_OBJC_IMPLICIT_RETAIN_SELF = YES;
				CLANG_WARN_OBJC_LITERAL_CONVERSION = YES;
				CLANG_WARN_OBJC_ROOT_CLASS = YES_ERROR;
				CLANG_WARN_QUOTED_INCLUDE_IN_FRAMEWORK_HEADER = YES;
				CLANG_WARN_RANGE_LOOP_ANALYSIS = YES;
				CLANG_WARN_STRICT_PROTOTYPES = YES;
				CLANG_WARN_SUSPICIOUS_MOVE = YES;
				CLANG_WARN_UNGUARDED_AVAILABILITY = YES_AGGRESSIVE;
				CLANG_WARN_UNREACHABLE_CODE = YES;
				CLANG_WARN__DUPLICATE_METHOD_MATCH = YES;
				COPY_PHASE_STRIP = NO;
				DEBUG_INFORMATION_FORMAT = "dwarf-with-dsym";
				ENABLE_NS_ASSERTIONS = NO;
				ENABLE_STRICT_OBJC_MSGSEND = YES;
				GCC_C_LANGUAGE_STANDARD = gnu11;
				GCC_NO_COMMON_BLOCKS = YES;
				GCC_WARN_64_TO_32_BIT_CONVERSION = YES;
				GCC_WARN_ABOUT_RETURN_TYPE = YES_ERROR;
				GCC_WARN_UNDECLARED_SELECTOR = YES;
				GCC_WARN_UNINITIALIZED_AUTOS = YES_AGGRESSIVE;
				GCC_WARN_UNUSED_FUNCTION = YES;
				GCC_WARN_UNUSED_VARIABLE = YES;
				IPHONEOS_DEPLOYMENT_TARGET = 13.0;
				MTL_ENABLE_DEBUG_INFO = NO;
				MTL_FAST_MATH = YES;
				SDKROOT = iphoneos;
				SWIFT_COMPILATION_MODE = wholemodule;
				SWIFT_OPTIMIZATION_LEVEL = "-O";
				VALIDATE_PRODUCT = YES;
			};
			name = Release;
		};
		68FBF775299FB1110030A47C /* Debug */ = {
			isa = XCBuildConfiguration;
			buildSettings = {
				ASSETCATALOG_COMPILER_APPICON_NAME = AppIcon;
				ASSETCATALOG_COMPILER_GLOBAL_ACCENT_COLOR_NAME = AccentColor;
				CODE_SIGN_STYLE = Automatic;
				CURRENT_PROJECT_VERSION = 1;
				DEVELOPMENT_TEAM = Q9G7AMJXC6;
				GENERATE_INFOPLIST_FILE = YES;
				INFOPLIST_FILE = ImageFeed/App/Info.plist;
				INFOPLIST_KEY_UIApplicationSupportsIndirectInputEvents = YES;
				INFOPLIST_KEY_UILaunchStoryboardName = LaunchScreen;
				INFOPLIST_KEY_UIMainStoryboardFile = Main;
				INFOPLIST_KEY_UISupportedInterfaceOrientations = UIInterfaceOrientationPortrait;
				INFOPLIST_KEY_UISupportedInterfaceOrientations_iPad = "UIInterfaceOrientationPortrait UIInterfaceOrientationPortraitUpsideDown UIInterfaceOrientationLandscapeLeft UIInterfaceOrientationLandscapeRight";
				INFOPLIST_KEY_UISupportedInterfaceOrientations_iPhone = UIInterfaceOrientationPortrait;
				IPHONEOS_DEPLOYMENT_TARGET = 13.0;
				LD_RUNPATH_SEARCH_PATHS = (
					"$(inherited)",
					"@executable_path/Frameworks",
				);
				MARKETING_VERSION = 1.0;
				PRODUCT_BUNDLE_IDENTIFIER = leoturko.com.ImageFeed;
				PRODUCT_NAME = "$(TARGET_NAME)";
				SWIFT_EMIT_LOC_STRINGS = YES;
				SWIFT_VERSION = 5.0;
				TARGETED_DEVICE_FAMILY = 1;
			};
			name = Debug;
		};
		68FBF776299FB1110030A47C /* Release */ = {
			isa = XCBuildConfiguration;
			buildSettings = {
				ASSETCATALOG_COMPILER_APPICON_NAME = AppIcon;
				ASSETCATALOG_COMPILER_GLOBAL_ACCENT_COLOR_NAME = AccentColor;
				CODE_SIGN_STYLE = Automatic;
				CURRENT_PROJECT_VERSION = 1;
				DEVELOPMENT_TEAM = Q9G7AMJXC6;
				GENERATE_INFOPLIST_FILE = YES;
				INFOPLIST_FILE = ImageFeed/App/Info.plist;
				INFOPLIST_KEY_UIApplicationSupportsIndirectInputEvents = YES;
				INFOPLIST_KEY_UILaunchStoryboardName = LaunchScreen;
				INFOPLIST_KEY_UIMainStoryboardFile = Main;
				INFOPLIST_KEY_UISupportedInterfaceOrientations = UIInterfaceOrientationPortrait;
				INFOPLIST_KEY_UISupportedInterfaceOrientations_iPad = "UIInterfaceOrientationPortrait UIInterfaceOrientationPortraitUpsideDown UIInterfaceOrientationLandscapeLeft UIInterfaceOrientationLandscapeRight";
				INFOPLIST_KEY_UISupportedInterfaceOrientations_iPhone = UIInterfaceOrientationPortrait;
				IPHONEOS_DEPLOYMENT_TARGET = 13.0;
				LD_RUNPATH_SEARCH_PATHS = (
					"$(inherited)",
					"@executable_path/Frameworks",
				);
				MARKETING_VERSION = 1.0;
				PRODUCT_BUNDLE_IDENTIFIER = leoturko.com.ImageFeed;
				PRODUCT_NAME = "$(TARGET_NAME)";
				SWIFT_EMIT_LOC_STRINGS = YES;
				SWIFT_VERSION = 5.0;
				TARGETED_DEVICE_FAMILY = 1;
			};
			name = Release;
		};
/* End XCBuildConfiguration section */

/* Begin XCConfigurationList section */
		68FBF75B299FB10E0030A47C /* Build configuration list for PBXProject "ImageFeed" */ = {
			isa = XCConfigurationList;
			buildConfigurations = (
				68FBF772299FB1110030A47C /* Debug */,
				68FBF773299FB1110030A47C /* Release */,
			);
			defaultConfigurationIsVisible = 0;
			defaultConfigurationName = Release;
		};
		68FBF774299FB1110030A47C /* Build configuration list for PBXNativeTarget "ImageFeed" */ = {
			isa = XCConfigurationList;
			buildConfigurations = (
				68FBF775299FB1110030A47C /* Debug */,
				68FBF776299FB1110030A47C /* Release */,
			);
			defaultConfigurationIsVisible = 0;
			defaultConfigurationName = Release;
		};
/* End XCConfigurationList section */

/* Begin XCRemoteSwiftPackageReference section */
		689F44C429E861DB00196597 /* XCRemoteSwiftPackageReference "SwiftKeychainWrapper" */ = {
			isa = XCRemoteSwiftPackageReference;
			repositoryURL = "https://github.com/jrendel/SwiftKeychainWrapper";
			requirement = {
				kind = upToNextMajorVersion;
				minimumVersion = 4.0.0;
			};
		};
		68A4C28929DDF3CB00F669A2 /* XCRemoteSwiftPackageReference "ProgressHUD" */ = {
			isa = XCRemoteSwiftPackageReference;
			repositoryURL = "https://github.com/relatedcode/ProgressHUD";
			requirement = {
				kind = upToNextMajorVersion;
				minimumVersion = 13.0.0;
			};
		};
		68C0F27C29E73AEE00DECC14 /* XCRemoteSwiftPackageReference "Kingfisher" */ = {
			isa = XCRemoteSwiftPackageReference;
			repositoryURL = "https://github.com/onevcat/Kingfisher.git";
			requirement = {
				kind = upToNextMajorVersion;
				minimumVersion = 7.0.0;
			};
		};
/* End XCRemoteSwiftPackageReference section */

/* Begin XCSwiftPackageProductDependency section */
		689F44C529E861DB00196597 /* SwiftKeychainWrapper */ = {
			isa = XCSwiftPackageProductDependency;
			package = 689F44C429E861DB00196597 /* XCRemoteSwiftPackageReference "SwiftKeychainWrapper" */;
			productName = SwiftKeychainWrapper;
		};
		68A4C28A29DDF3CB00F669A2 /* ProgressHUD */ = {
			isa = XCSwiftPackageProductDependency;
			package = 68A4C28929DDF3CB00F669A2 /* XCRemoteSwiftPackageReference "ProgressHUD" */;
			productName = ProgressHUD;
		};
		68C0F27D29E73AEE00DECC14 /* Kingfisher */ = {
			isa = XCSwiftPackageProductDependency;
			package = 68C0F27C29E73AEE00DECC14 /* XCRemoteSwiftPackageReference "Kingfisher" */;
			productName = Kingfisher;
		};
/* End XCSwiftPackageProductDependency section */
	};
	rootObject = 68FBF758299FB10E0030A47C /* Project object */;
}
